{
  "requires": true,
  "lockfileVersion": 1,
  "dependencies": {
    "buffers": {
      "version": "0.1.1",
      "resolved": "https://registry.npmjs.org/buffers/-/buffers-0.1.1.tgz",
      "integrity": "sha1-skV5w77U1tOWru5tmorn9Ugqt7s="
    },
    "stream-splitter": {
      "version": "0.3.2",
      "resolved": "https://registry.npmjs.org/stream-splitter/-/stream-splitter-0.3.2.tgz",
      "integrity": "sha1-4vKCYuU8LYu8SS5y8pYPwZhXmE0=",
      "requires": {
        "buffers": "~0.1.1"
      }
    }
  }
}
